
Microsoft Visual Studio Solution File, Format Version 10.00
# Visual Studio 2008
Project("{FAE04EC0-301F-11D3-BF4B-00C04F79EFBC}") = "Alexandria.Backend", "Alexandria.Backend\Alexandria.Backend.csproj", "{D508803C-3530-4A11-BE7D-02640B4545D0}"
EndProject
Project("{FAE04EC0-301F-11D3-BF4B-00C04F79EFBC}") = "Alexandria.Client", "Alexandria.Client\Alexandria.Client.csproj", "{88DA6367-D490-4147-BF96-2FF79A63819C}"
EndProject
Global
	GlobalSection(SolutionConfigurationPlatforms) = preSolution
		Debug|Any CPU = Debug|Any CPU
		Release|Any CPU = Release|Any CPU
	EndGlobalSection
	GlobalSection(ProjectConfigurationPlatforms) = postSolution
		{D508803C-3530-4A11-BE7D-02640B4545D0}.Debug|Any CPU.ActiveCfg = Debug|Any CPU
		{D508803C-3530-4A11-BE7D-02640B4545D0}.Debug|Any CPU.Build.0 = Debug|Any CPU
		{D508803C-3530-4A11-BE7D-02640B4545D0}.Release|Any CPU.ActiveCfg = Release|Any CPU
		{D508803C-3530-4A11-BE7D-02640B4545D0}.Release|Any CPU.Build.0 = Release|Any CPU
		{88DA6367-D490-4147-BF96-2FF79A63819C}.Debug|Any CPU.ActiveCfg = Debug|Any CPU
		{88DA6367-D490-4147-BF96-2FF79A63819C}.Debug|Any CPU.Build.0 = Debug|Any CPU
		{88DA6367-D490-4147-BF96-2FF79A63819C}.Release|Any CPU.ActiveCfg = Release|Any CPU
		{88DA6367-D490-4147-BF96-2FF79A63819C}.Release|Any CPU.Build.0 = Release|Any CPU
	EndGlobalSection
	GlobalSection(SolutionProperties) = preSolution
		HideSolutionNode = FALSE
	EndGlobalSection
EndGlobal
